
Microsoft Visual Studio Solution File, Format Version 12.00
# Visual Studio Version 16
VisualStudioVersion = 16.0.29911.84
MinimumVisualStudioVersion = 10.0.40219.1
Project("{FAE04EC0-301F-11D3-BF4B-00C04F79EFBC}") = "NETCoreTestAPP", "NETCoreTestAPP\NETCoreTestAPP.csproj", "{2F71C146-7BA2-4D4D-B868-5D698A7A8E46}"
EndProject
Global
	GlobalSection(SolutionConfigurationPlatforms) = preSolution
		Debug|Any CPU = Debug|Any CPU
		Release|Any CPU = Release|Any CPU
	EndGlobalSection
	GlobalSection(ProjectConfigurationPlatforms) = postSolution
		{2F71C146-7BA2-4D4D-B868-5D698A7A8E46}.Debug|Any CPU.ActiveCfg = Debug|Any CPU
		{2F71C146-7BA2-4D4D-B868-5D698A7A8E46}.Debug|Any CPU.Build.0 = Debug|Any CPU
		{2F71C146-7BA2-4D4D-B868-5D698A7A8E46}.Release|Any CPU.ActiveCfg = Release|Any CPU
		{2F71C146-7BA2-4D4D-B868-5D698A7A8E46}.Release|Any CPU.Build.0 = Release|Any CPU
	EndGlobalSection
	GlobalSection(SolutionProperties) = preSolution
		HideSolutionNode = FALSE
	EndGlobalSection
	GlobalSection(ExtensibilityGlobals) = postSolution
		SolutionGuid = {B5A60D21-806D-4387-90AC-4E420D07BB59}
	EndGlobalSection
EndGlobal
